github.com/Andreaswiv/funtemps v0.0.0-20230425104717-9a834c219cd7 h1:SJvFfNqOfCJpF+veQzKHx92wnrGsHFAjIebH30yzObM=
github.com/Andreaswiv/funtemps v0.0.0-20230425104717-9a834c219cd7/go.mod h1:JF7bs4KQfAv2UKjuYBja4Lb81rboiH5hcQVpMO37TvE=
github.com/Andreaswiv/is105sem03 v0.0.0-20230428113401-79588bd30feb h1:gYJ/iAAqWKg9OAj3leEBXzz3pE8/RVAV/h5ZSYqBbBQ=
github.com/Andreaswiv/is105sem03 v0.0.0-20230428113401-79588bd30feb/go.mod h1:Ik78PWkrWU7AV+J5ibw6vPG87gCkle2uC2f+dz/Tm2o=
